
Microsoft Visual Studio Solution File, Format Version 12.00
# Visual Studio Version 17
VisualStudioVersion = 17.7.34031.279
MinimumVisualStudioVersion = 10.0.40219.1
Project("{9A19103F-16F7-4668-BE54-9A1E7A4F7556}") = "CollegeFootballApp.Blazor", "CollegeFootballApp.Blazor\CollegeFootballApp.Blazor.csproj", "{E17D53FF-8F25-4756-9626-0708E8AA8DC8}"
EndProject
Project("{9A19103F-16F7-4668-BE54-9A1E7A4F7556}") = "CollegeFootballApp.Console", "CollegeFootballApp.Console\CollegeFootballApp.Console.csproj", "{A850E824-7EBC-4238-B4C9-EA7DF7DD0410}"
EndProject
Project("{9A19103F-16F7-4668-BE54-9A1E7A4F7556}") = "CollegeFootballApp.Domain", "CollegeFootballApp.Domain\CollegeFootballApp.Domain.csproj", "{4ED7AED1-464A-4375-9DF9-A73649ABD125}"
EndProject
Project("{9A19103F-16F7-4668-BE54-9A1E7A4F7556}") = "CollegeFootballApp.Application", "CollegeFootballApp.Application\CollegeFootballApp.Application.csproj", "{347C3FE4-B5BF-4960-80A7-5270B4893E91}"
EndProject
Project("{9A19103F-16F7-4668-BE54-9A1E7A4F7556}") = "CollegeFootballApp.Infrastructure", "CollegeFootballApp.Infrastructure\CollegeFootballApp.Infrastructure.csproj", "{E5B75BD8-4354-4D61-B43A-24FCB7E15E5F}"
EndProject
Project("{9A19103F-16F7-4668-BE54-9A1E7A4F7556}") = "CollegeFootballApp.Shared", "CollegeFootballApp.Shared\CollegeFootballApp.Shared.csproj", "{90490804-BADC-4325-972F-CC8E1C5FBD18}"
EndProject
Project("{54A90642-561A-4BB1-A94E-469ADEE60C69}") = "collegefootballapp.vue", "CollegeFootballApp.Vue\collegefootballapp.vue.esproj", "{B4EED6CA-D967-4BC3-BDC2-8EE9F5748C7F}"
EndProject
Global
	GlobalSection(SolutionConfigurationPlatforms) = preSolution
		Debug|Any CPU = Debug|Any CPU
		Release|Any CPU = Release|Any CPU
	EndGlobalSection
	GlobalSection(ProjectConfigurationPlatforms) = postSolution
		{E17D53FF-8F25-4756-9626-0708E8AA8DC8}.Debug|Any CPU.ActiveCfg = Debug|Any CPU
		{E17D53FF-8F25-4756-9626-0708E8AA8DC8}.Debug|Any CPU.Build.0 = Debug|Any CPU
		{E17D53FF-8F25-4756-9626-0708E8AA8DC8}.Release|Any CPU.ActiveCfg = Release|Any CPU
		{E17D53FF-8F25-4756-9626-0708E8AA8DC8}.Release|Any CPU.Build.0 = Release|Any CPU
		{A850E824-7EBC-4238-B4C9-EA7DF7DD0410}.Debug|Any CPU.ActiveCfg = Debug|Any CPU
		{A850E824-7EBC-4238-B4C9-EA7DF7DD0410}.Debug|Any CPU.Build.0 = Debug|Any CPU
		{A850E824-7EBC-4238-B4C9-EA7DF7DD0410}.Release|Any CPU.ActiveCfg = Release|Any CPU
		{A850E824-7EBC-4238-B4C9-EA7DF7DD0410}.Release|Any CPU.Build.0 = Release|Any CPU
		{4ED7AED1-464A-4375-9DF9-A73649ABD125}.Debug|Any CPU.ActiveCfg = Debug|Any CPU
		{4ED7AED1-464A-4375-9DF9-A73649ABD125}.Debug|Any CPU.Build.0 = Debug|Any CPU
		{4ED7AED1-464A-4375-9DF9-A73649ABD125}.Release|Any CPU.ActiveCfg = Release|Any CPU
		{4ED7AED1-464A-4375-9DF9-A73649ABD125}.Release|Any CPU.Build.0 = Release|Any CPU
		{347C3FE4-B5BF-4960-80A7-5270B4893E91}.Debug|Any CPU.ActiveCfg = Debug|Any CPU
		{347C3FE4-B5BF-4960-80A7-5270B4893E91}.Debug|Any CPU.Build.0 = Debug|Any CPU
		{347C3FE4-B5BF-4960-80A7-5270B4893E91}.Release|Any CPU.ActiveCfg = Release|Any CPU
		{347C3FE4-B5BF-4960-80A7-5270B4893E91}.Release|Any CPU.Build.0 = Release|Any CPU
		{E5B75BD8-4354-4D61-B43A-24FCB7E15E5F}.Debug|Any CPU.ActiveCfg = Debug|Any CPU
		{E5B75BD8-4354-4D61-B43A-24FCB7E15E5F}.Debug|Any CPU.Build.0 = Debug|Any CPU
		{E5B75BD8-4354-4D61-B43A-24FCB7E15E5F}.Release|Any CPU.ActiveCfg = Release|Any CPU
		{E5B75BD8-4354-4D61-B43A-24FCB7E15E5F}.Release|Any CPU.Build.0 = Release|Any CPU
		{90490804-BADC-4325-972F-CC8E1C5FBD18}.Debug|Any CPU.ActiveCfg = Debug|Any CPU
		{90490804-BADC-4325-972F-CC8E1C5FBD18}.Debug|Any CPU.Build.0 = Debug|Any CPU
		{90490804-BADC-4325-972F-CC8E1C5FBD18}.Release|Any CPU.ActiveCfg = Release|Any CPU
		{90490804-BADC-4325-972F-CC8E1C5FBD18}.Release|Any CPU.Build.0 = Release|Any CPU
		{B4EED6CA-D967-4BC3-BDC2-8EE9F5748C7F}.Debug|Any CPU.ActiveCfg = Debug|Any CPU
		{B4EED6CA-D967-4BC3-BDC2-8EE9F5748C7F}.Debug|Any CPU.Build.0 = Debug|Any CPU
		{B4EED6CA-D967-4BC3-BDC2-8EE9F5748C7F}.Debug|Any CPU.Deploy.0 = Debug|Any CPU
		{B4EED6CA-D967-4BC3-BDC2-8EE9F5748C7F}.Release|Any CPU.ActiveCfg = Release|Any CPU
		{B4EED6CA-D967-4BC3-BDC2-8EE9F5748C7F}.Release|Any CPU.Build.0 = Release|Any CPU
		{B4EED6CA-D967-4BC3-BDC2-8EE9F5748C7F}.Release|Any CPU.Deploy.0 = Release|Any CPU
	EndGlobalSection
	GlobalSection(SolutionProperties) = preSolution
		HideSolutionNode = FALSE
	EndGlobalSection
	GlobalSection(ExtensibilityGlobals) = postSolution
		SolutionGuid = {656D61C1-44BD-4B10-B605-A2AA3C0509C9}
	EndGlobalSection
EndGlobal
